// !$*UTF8*$!
{
	archiveVersion = 1;
	classes = {
	};
	objectVersion = 56;
	objects = {

/* Begin PBXBuildFile section */
		A103175B2BDAAE76003FD6D4 /* RickMortyAPIApp.swift in Sources */ = {isa = PBXBuildFile; fileRef = A103175A2BDAAE76003FD6D4 /* RickMortyAPIApp.swift */; };
		A103175D2BDAAE76003FD6D4 /* ContentView.swift in Sources */ = {isa = PBXBuildFile; fileRef = A103175C2BDAAE76003FD6D4 /* ContentView.swift */; };
		A103175F2BDAAE79003FD6D4 /* Assets.xcassets in Resources */ = {isa = PBXBuildFile; fileRef = A103175E2BDAAE79003FD6D4 /* Assets.xcassets */; };
		A10317622BDAAE79003FD6D4 /* Preview Assets.xcassets in Resources */ = {isa = PBXBuildFile; fileRef = A10317612BDAAE79003FD6D4 /* Preview Assets.xcassets */; };
		A10317692BDAAF04003FD6D4 /* CharacterModelDTO.swift in Sources */ = {isa = PBXBuildFile; fileRef = A10317682BDAAF04003FD6D4 /* CharacterModelDTO.swift */; };
		A103176B2BDAB369003FD6D4 /* CharacterInteractor.swift in Sources */ = {isa = PBXBuildFile; fileRef = A103176A2BDAB369003FD6D4 /* CharacterInteractor.swift */; };
		A12AC5B92BF3C1B5003AE27B /* AvatarView.swift in Sources */ = {isa = PBXBuildFile; fileRef = A12AC5B82BF3C1B5003AE27B /* AvatarView.swift */; };
		A12AC5BB2BF3C210003AE27B /* AvatarViewModel.swift in Sources */ = {isa = PBXBuildFile; fileRef = A12AC5BA2BF3C210003AE27B /* AvatarViewModel.swift */; };
		A13057B72BDBFB64007B359D /* CharacterListViewModel.swift in Sources */ = {isa = PBXBuildFile; fileRef = A13057B62BDBFB64007B359D /* CharacterListViewModel.swift */; };
		A1392DC92BEE73CB0022A0F8 /* ImageDownloader.swift in Sources */ = {isa = PBXBuildFile; fileRef = A1392DC82BEE73CB0022A0F8 /* ImageDownloader.swift */; };
		A14D58172BED2FD80096DF26 /* CustomAlertView.swift in Sources */ = {isa = PBXBuildFile; fileRef = A14D58162BED2FD80096DF26 /* CustomAlertView.swift */; };
		A189427B2C441432005E27D1 /* ShowTrailerButton.swift in Sources */ = {isa = PBXBuildFile; fileRef = A189427A2C441432005E27D1 /* ShowTrailerButton.swift */; };
		A18AE31E2BE5444C00D04B45 /* SingleCellView.swift in Sources */ = {isa = PBXBuildFile; fileRef = A18AE31D2BE5444C00D04B45 /* SingleCellView.swift */; };
		A18DF3322BDC098C004B2765 /* NetworkError.swift in Sources */ = {isa = PBXBuildFile; fileRef = A18DF3312BDC098C004B2765 /* NetworkError.swift */; };
		A18DF3342BDC0CA9004B2765 /* PreviewData.swift in Sources */ = {isa = PBXBuildFile; fileRef = A18DF3332BDC0CA9004B2765 /* PreviewData.swift */; };
		A18DF3362BDC101E004B2765 /* RYM.json in Resources */ = {isa = PBXBuildFile; fileRef = A18DF3352BDC101E004B2765 /* RYM.json */; };
		A18F88152BF50CFB002C2C05 /* DetailView.swift in Sources */ = {isa = PBXBuildFile; fileRef = A18F88142BF50CFB002C2C05 /* DetailView.swift */; };
		A18F88172BF516DA002C2C05 /* RMTrailer.json in Resources */ = {isa = PBXBuildFile; fileRef = A18F88162BF516D9002C2C05 /* RMTrailer.json */; };
		A18F88192BF53F2E002C2C05 /* YouTubeView.swift in Sources */ = {isa = PBXBuildFile; fileRef = A18F88182BF53F2E002C2C05 /* YouTubeView.swift */; };
		A1BABD232BE14642009024FE /* URL.swift in Sources */ = {isa = PBXBuildFile; fileRef = A1BABD222BE14642009024FE /* URL.swift */; };
		A1BABD252BE14B13009024FE /* URLSession.swift in Sources */ = {isa = PBXBuildFile; fileRef = A1BABD242BE14B13009024FE /* URLSession.swift */; };
		A1BABD272BE15114009024FE /* NetworkInteractor.swift in Sources */ = {isa = PBXBuildFile; fileRef = A1BABD262BE15114009024FE /* NetworkInteractor.swift */; };
		A1DB065F2BE3F29C008B3A12 /* URLRequest.swift in Sources */ = {isa = PBXBuildFile; fileRef = A1DB065E2BE3F29C008B3A12 /* URLRequest.swift */; };
/* End PBXBuildFile section */

/* Begin PBXFileReference section */
		A10317572BDAAE76003FD6D4 /* RickMortyAPI.app */ = {isa = PBXFileReference; explicitFileType = wrapper.application; includeInIndex = 0; path = RickMortyAPI.app; sourceTree = BUILT_PRODUCTS_DIR; };
		A103175A2BDAAE76003FD6D4 /* RickMortyAPIApp.swift */ = {isa = PBXFileReference; lastKnownFileType = sourcecode.swift; path = RickMortyAPIApp.swift; sourceTree = "<group>"; };
		A103175C2BDAAE76003FD6D4 /* ContentView.swift */ = {isa = PBXFileReference; lastKnownFileType = sourcecode.swift; path = ContentView.swift; sourceTree = "<group>"; };
		A103175E2BDAAE79003FD6D4 /* Assets.xcassets */ = {isa = PBXFileReference; lastKnownFileType = folder.assetcatalog; path = Assets.xcassets; sourceTree = "<group>"; };
		A10317612BDAAE79003FD6D4 /* Preview Assets.xcassets */ = {isa = PBXFileReference; lastKnownFileType = folder.assetcatalog; path = "Preview Assets.xcassets"; sourceTree = "<group>"; };
		A10317682BDAAF04003FD6D4 /* CharacterModelDTO.swift */ = {isa = PBXFileReference; lastKnownFileType = sourcecode.swift; path = CharacterModelDTO.swift; sourceTree = "<group>"; };
		A103176A2BDAB369003FD6D4 /* CharacterInteractor.swift */ = {isa = PBXFileReference; lastKnownFileType = sourcecode.swift; path = CharacterInteractor.swift; sourceTree = "<group>"; };
		A12AC5B82BF3C1B5003AE27B /* AvatarView.swift */ = {isa = PBXFileReference; lastKnownFileType = sourcecode.swift; path = AvatarView.swift; sourceTree = "<group>"; };
		A12AC5BA2BF3C210003AE27B /* AvatarViewModel.swift */ = {isa = PBXFileReference; lastKnownFileType = sourcecode.swift; path = AvatarViewModel.swift; sourceTree = "<group>"; };
		A13057B62BDBFB64007B359D /* CharacterListViewModel.swift */ = {isa = PBXFileReference; lastKnownFileType = sourcecode.swift; path = CharacterListViewModel.swift; sourceTree = "<group>"; };
		A1392DC82BEE73CB0022A0F8 /* ImageDownloader.swift */ = {isa = PBXFileReference; lastKnownFileType = sourcecode.swift; path = ImageDownloader.swift; sourceTree = "<group>"; };
		A14D58162BED2FD80096DF26 /* CustomAlertView.swift */ = {isa = PBXFileReference; lastKnownFileType = sourcecode.swift; path = CustomAlertView.swift; sourceTree = "<group>"; };
		A189427A2C441432005E27D1 /* ShowTrailerButton.swift */ = {isa = PBXFileReference; lastKnownFileType = sourcecode.swift; path = ShowTrailerButton.swift; sourceTree = "<group>"; };
		A18AE31D2BE5444C00D04B45 /* SingleCellView.swift */ = {isa = PBXFileReference; lastKnownFileType = sourcecode.swift; path = SingleCellView.swift; sourceTree = "<group>"; };
		A18DF3312BDC098C004B2765 /* NetworkError.swift */ = {isa = PBXFileReference; lastKnownFileType = sourcecode.swift; path = NetworkError.swift; sourceTree = "<group>"; };
		A18DF3332BDC0CA9004B2765 /* PreviewData.swift */ = {isa = PBXFileReference; lastKnownFileType = sourcecode.swift; path = PreviewData.swift; sourceTree = "<group>"; };
		A18DF3352BDC101E004B2765 /* RYM.json */ = {isa = PBXFileReference; fileEncoding = 4; lastKnownFileType = text.json; path = RYM.json; sourceTree = "<group>"; };
		A18F88142BF50CFB002C2C05 /* DetailView.swift */ = {isa = PBXFileReference; lastKnownFileType = sourcecode.swift; path = DetailView.swift; sourceTree = "<group>"; };
		A18F88162BF516D9002C2C05 /* RMTrailer.json */ = {isa = PBXFileReference; fileEncoding = 4; lastKnownFileType = text.json; path = RMTrailer.json; sourceTree = "<group>"; };
		A18F88182BF53F2E002C2C05 /* YouTubeView.swift */ = {isa = PBXFileReference; lastKnownFileType = sourcecode.swift; path = YouTubeView.swift; sourceTree = "<group>"; };
		A1BABD222BE14642009024FE /* URL.swift */ = {isa = PBXFileReference; lastKnownFileType = sourcecode.swift; path = URL.swift; sourceTree = "<group>"; };
		A1BABD242BE14B13009024FE /* URLSession.swift */ = {isa = PBXFileReference; lastKnownFileType = sourcecode.swift; path = URLSession.swift; sourceTree = "<group>"; };
		A1BABD262BE15114009024FE /* NetworkInteractor.swift */ = {isa = PBXFileReference; lastKnownFileType = sourcecode.swift; path = NetworkInteractor.swift; sourceTree = "<group>"; };
		A1DB065E2BE3F29C008B3A12 /* URLRequest.swift */ = {isa = PBXFileReference; lastKnownFileType = sourcecode.swift; path = URLRequest.swift; sourceTree = "<group>"; };
/* End PBXFileReference section */

/* Begin PBXFrameworksBuildPhase section */
		A10317542BDAAE76003FD6D4 /* Frameworks */ = {
			isa = PBXFrameworksBuildPhase;
			buildActionMask = 2147483647;
			files = (
			);
			runOnlyForDeploymentPostprocessing = 0;
		};
/* End PBXFrameworksBuildPhase section */

/* Begin PBXGroup section */
		A103174E2BDAAE76003FD6D4 = {
			isa = PBXGroup;
			children = (
				A10317592BDAAE76003FD6D4 /* RickMortyAPI */,
				A10317582BDAAE76003FD6D4 /* Products */,
			);
			sourceTree = "<group>";
		};
		A10317582BDAAE76003FD6D4 /* Products */ = {
			isa = PBXGroup;
			children = (
				A10317572BDAAE76003FD6D4 /* RickMortyAPI.app */,
			);
			name = Products;
			sourceTree = "<group>";
		};
		A10317592BDAAE76003FD6D4 /* RickMortyAPI */ = {
			isa = PBXGroup;
			children = (
				A1E4B7732BDC06CF00D04198 /* Views */,
				A103176E2BDAB38E003FD6D4 /* ViewModel */,
				A103176D2BDAB37E003FD6D4 /* Interactor */,
				A18DF3302BDC096A004B2765 /* Interface */,
				A103176C2BDAB36E003FD6D4 /* Model */,
				A103176F2BDAB3AA003FD6D4 /* System */,
				A10317602BDAAE79003FD6D4 /* Preview Content */,
			);
			path = RickMortyAPI;
			sourceTree = "<group>";
		};
		A10317602BDAAE79003FD6D4 /* Preview Content */ = {
			isa = PBXGroup;
			children = (
				A10317612BDAAE79003FD6D4 /* Preview Assets.xcassets */,
				A18DF3332BDC0CA9004B2765 /* PreviewData.swift */,
				A18DF3352BDC101E004B2765 /* RYM.json */,
			);
			path = "Preview Content";
			sourceTree = "<group>";
		};
		A103176C2BDAB36E003FD6D4 /* Model */ = {
			isa = PBXGroup;
			children = (
				A10317682BDAAF04003FD6D4 /* CharacterModelDTO.swift */,
			);
			name = Model;
			sourceTree = "<group>";
		};
		A103176D2BDAB37E003FD6D4 /* Interactor */ = {
			isa = PBXGroup;
			children = (
				A103176A2BDAB369003FD6D4 /* CharacterInteractor.swift */,
				A1392DC82BEE73CB0022A0F8 /* ImageDownloader.swift */,
			);
			name = Interactor;
			sourceTree = "<group>";
		};
		A103176E2BDAB38E003FD6D4 /* ViewModel */ = {
			isa = PBXGroup;
			children = (
				A13057B62BDBFB64007B359D /* CharacterListViewModel.swift */,
				A12AC5BA2BF3C210003AE27B /* AvatarViewModel.swift */,
			);
			name = ViewModel;
			sourceTree = "<group>";
		};
		A103176F2BDAB3AA003FD6D4 /* System */ = {
			isa = PBXGroup;
			children = (
				A103175A2BDAAE76003FD6D4 /* RickMortyAPIApp.swift */,
				A18F88162BF516D9002C2C05 /* RMTrailer.json */,
				A103175E2BDAAE79003FD6D4 /* Assets.xcassets */,
			);
			name = System;
			sourceTree = "<group>";
		};
		A18DF3302BDC096A004B2765 /* Interface */ = {
			isa = PBXGroup;
			children = (
				A18DF3312BDC098C004B2765 /* NetworkError.swift */,
				A1BABD222BE14642009024FE /* URL.swift */,
				A1BABD242BE14B13009024FE /* URLSession.swift */,
				A1DB065E2BE3F29C008B3A12 /* URLRequest.swift */,
				A1BABD262BE15114009024FE /* NetworkInteractor.swift */,
			);
			name = Interface;
			sourceTree = "<group>";
		};
		A18F881A2BF53F33002C2C05 /* Components */ = {
			isa = PBXGroup;
			children = (
				A18F88182BF53F2E002C2C05 /* YouTubeView.swift */,
				A189427A2C441432005E27D1 /* ShowTrailerButton.swift */,
			);
			name = Components;
			sourceTree = "<group>";
		};
		A1E4B7732BDC06CF00D04198 /* Views */ = {
			isa = PBXGroup;
			children = (
				A103175C2BDAAE76003FD6D4 /* ContentView.swift */,
				A18F88142BF50CFB002C2C05 /* DetailView.swift */,
				A14D58162BED2FD80096DF26 /* CustomAlertView.swift */,
				A18AE31D2BE5444C00D04B45 /* SingleCellView.swift */,
				A12AC5B82BF3C1B5003AE27B /* AvatarView.swift */,
				A18F881A2BF53F33002C2C05 /* Components */,
			);
			name = Views;
			sourceTree = "<group>";
		};
/* End PBXGroup section */

/* Begin PBXNativeTarget section */
		A10317562BDAAE76003FD6D4 /* RickMortyAPI */ = {
			isa = PBXNativeTarget;
			buildConfigurationList = A10317652BDAAE79003FD6D4 /* Build configuration list for PBXNativeTarget "RickMortyAPI" */;
			buildPhases = (
				A10317532BDAAE76003FD6D4 /* Sources */,
				A10317542BDAAE76003FD6D4 /* Frameworks */,
				A10317552BDAAE76003FD6D4 /* Resources */,
			);
			buildRules = (
			);
			dependencies = (
			);
			name = RickMortyAPI;
			productName = RickMortyAPI;
			productReference = A10317572BDAAE76003FD6D4 /* RickMortyAPI.app */;
			productType = "com.apple.product-type.application";
		};
/* End PBXNativeTarget section */

/* Begin PBXProject section */
		A103174F2BDAAE76003FD6D4 /* Project object */ = {
			isa = PBXProject;
			attributes = {
				BuildIndependentTargetsInParallel = 1;
				LastSwiftUpdateCheck = 1530;
				LastUpgradeCheck = 1530;
				TargetAttributes = {
					A10317562BDAAE76003FD6D4 = {
						CreatedOnToolsVersion = 15.3;
					};
				};
			};
			buildConfigurationList = A10317522BDAAE76003FD6D4 /* Build configuration list for PBXProject "RickMortyAPI" */;
			compatibilityVersion = "Xcode 14.0";
			developmentRegion = en;
			hasScannedForEncodings = 0;
			knownRegions = (
				en,
				Base,
			);
			mainGroup = A103174E2BDAAE76003FD6D4;
			productRefGroup = A10317582BDAAE76003FD6D4 /* Products */;
			projectDirPath = "";
			projectRoot = "";
			targets = (
				A10317562BDAAE76003FD6D4 /* RickMortyAPI */,
			);
		};
/* End PBXProject section */

/* Begin PBXResourcesBuildPhase section */
		A10317552BDAAE76003FD6D4 /* Resources */ = {
			isa = PBXResourcesBuildPhase;
			buildActionMask = 2147483647;
			files = (
				A18F88172BF516DA002C2C05 /* RMTrailer.json in Resources */,
				A18DF3362BDC101E004B2765 /* RYM.json in Resources */,
				A10317622BDAAE79003FD6D4 /* Preview Assets.xcassets in Resources */,
				A103175F2BDAAE79003FD6D4 /* Assets.xcassets in Resources */,
			);
			runOnlyForDeploymentPostprocessing = 0;
		};
/* End PBXResourcesBuildPhase section */

/* Begin PBXSourcesBuildPhase section */
		A10317532BDAAE76003FD6D4 /* Sources */ = {
			isa = PBXSourcesBuildPhase;
			buildActionMask = 2147483647;
			files = (
				A13057B72BDBFB64007B359D /* CharacterListViewModel.swift in Sources */,
				A14D58172BED2FD80096DF26 /* CustomAlertView.swift in Sources */,
				A18F88192BF53F2E002C2C05 /* YouTubeView.swift in Sources */,
				A18F88152BF50CFB002C2C05 /* DetailView.swift in Sources */,
				A1392DC92BEE73CB0022A0F8 /* ImageDownloader.swift in Sources */,
				A103176B2BDAB369003FD6D4 /* CharacterInteractor.swift in Sources */,
				A10317692BDAAF04003FD6D4 /* CharacterModelDTO.swift in Sources */,
				A18DF3322BDC098C004B2765 /* NetworkError.swift in Sources */,
				A18AE31E2BE5444C00D04B45 /* SingleCellView.swift in Sources */,
				A18DF3342BDC0CA9004B2765 /* PreviewData.swift in Sources */,
				A1BABD252BE14B13009024FE /* URLSession.swift in Sources */,
				A103175D2BDAAE76003FD6D4 /* ContentView.swift in Sources */,
				A1DB065F2BE3F29C008B3A12 /* URLRequest.swift in Sources */,
				A12AC5BB2BF3C210003AE27B /* AvatarViewModel.swift in Sources */,
				A1BABD272BE15114009024FE /* NetworkInteractor.swift in Sources */,
				A103175B2BDAAE76003FD6D4 /* RickMortyAPIApp.swift in Sources */,
				A189427B2C441432005E27D1 /* ShowTrailerButton.swift in Sources */,
				A12AC5B92BF3C1B5003AE27B /* AvatarView.swift in Sources */,
				A1BABD232BE14642009024FE /* URL.swift in Sources */,
			);
			runOnlyForDeploymentPostprocessing = 0;
		};
/* End PBXSourcesBuildPhase section */

/* Begin XCBuildConfiguration section */
		A10317632BDAAE79003FD6D4 /* Debug */ = {
			isa = XCBuildConfiguration;
			buildSettings = {
				ALWAYS_SEARCH_USER_PATHS = NO;
				ASSETCATALOG_COMPILER_GENERATE_SWIFT_ASSET_SYMBOL_EXTENSIONS = YES;
				CLANG_ANALYZER_NONNULL = YES;
				CLANG_ANALYZER_NUMBER_OBJECT_CONVERSION = YES_AGGRESSIVE;
				CLANG_CXX_LANGUAGE_STANDARD = "gnu++20";
				CLANG_ENABLE_MODULES = YES;
				CLANG_ENABLE_OBJC_ARC = YES;
				CLANG_ENABLE_OBJC_WEAK = YES;
				CLANG_WARN_BLOCK_CAPTURE_AUTORELEASING = YES;
				CLANG_WARN_BOOL_CONVERSION = YES;
				CLANG_WARN_COMMA = YES;
				CLANG_WARN_CONSTANT_CONVERSION = YES;
				CLANG_WARN_DEPRECATED_OBJC_IMPLEMENTATIONS = YES;
				CLANG_WARN_DIRECT_OBJC_ISA_USAGE = YES_ERROR;
				CLANG_WARN_DOCUMENTATION_COMMENTS = YES;
				CLANG_WARN_EMPTY_BODY = YES;
				CLANG_WARN_ENUM_CONVERSION = YES;
				CLANG_WARN_INFINITE_RECURSION = YES;
				CLANG_WARN_INT_CONVERSION = YES;
				CLANG_WARN_NON_LITERAL_NULL_CONVERSION = YES;
				CLANG_WARN_OBJC_IMPLICIT_RETAIN_SELF = YES;
				CLANG_WARN_OBJC_LITERAL_CONVERSION = YES;
				CLANG_WARN_OBJC_ROOT_CLASS = YES_ERROR;
				CLANG_WARN_QUOTED_INCLUDE_IN_FRAMEWORK_HEADER = YES;
				CLANG_WARN_RANGE_LOOP_ANALYSIS = YES;
				CLANG_WARN_STRICT_PROTOTYPES = YES;
				CLANG_WARN_SUSPICIOUS_MOVE = YES;
				CLANG_WARN_UNGUARDED_AVAILABILITY = YES_AGGRESSIVE;
				CLANG_WARN_UNREACHABLE_CODE = YES;
				CLANG_WARN__DUPLICATE_METHOD_MATCH = YES;
				COPY_PHASE_STRIP = NO;
				DEBUG_INFORMATION_FORMAT = dwarf;
				ENABLE_STRICT_OBJC_MSGSEND = YES;
				ENABLE_TESTABILITY = YES;
				ENABLE_USER_SCRIPT_SANDBOXING = YES;
				GCC_C_LANGUAGE_STANDARD = gnu17;
				GCC_DYNAMIC_NO_PIC = NO;
				GCC_NO_COMMON_BLOCKS = YES;
				GCC_OPTIMIZATION_LEVEL = 0;
				GCC_PREPROCESSOR_DEFINITIONS = (
					"DEBUG=1",
					"$(inherited)",
				);
				GCC_WARN_64_TO_32_BIT_CONVERSION = YES;
				GCC_WARN_ABOUT_RETURN_TYPE = YES_ERROR;
				GCC_WARN_UNDECLARED_SELECTOR = YES;
				GCC_WARN_UNINITIALIZED_AUTOS = YES_AGGRESSIVE;
				GCC_WARN_UNUSED_FUNCTION = YES;
				GCC_WARN_UNUSED_VARIABLE = YES;
				IPHONEOS_DEPLOYMENT_TARGET = 17.0;
				LOCALIZATION_PREFERS_STRING_CATALOGS = YES;
				MTL_ENABLE_DEBUG_INFO = INCLUDE_SOURCE;
				MTL_FAST_MATH = YES;
				ONLY_ACTIVE_ARCH = YES;
				SDKROOT = iphoneos;
				SWIFT_ACTIVE_COMPILATION_CONDITIONS = "DEBUG $(inherited)";
				SWIFT_OPTIMIZATION_LEVEL = "-Onone";
			};
			name = Debug;
		};
		A10317642BDAAE79003FD6D4 /* Release */ = {
			isa = XCBuildConfiguration;
			buildSettings = {
				ALWAYS_SEARCH_USER_PATHS = NO;
				ASSETCATALOG_COMPILER_GENERATE_SWIFT_ASSET_SYMBOL_EXTENSIONS = YES;
				CLANG_ANALYZER_NONNULL = YES;
				CLANG_ANALYZER_NUMBER_OBJECT_CONVERSION = YES_AGGRESSIVE;
				CLANG_CXX_LANGUAGE_STANDARD = "gnu++20";
				CLANG_ENABLE_MODULES = YES;
				CLANG_ENABLE_OBJC_ARC = YES;
				CLANG_ENABLE_OBJC_WEAK = YES;
				CLANG_WARN_BLOCK_CAPTURE_AUTORELEASING = YES;
				CLANG_WARN_BOOL_CONVERSION = YES;
				CLANG_WARN_COMMA = YES;
				CLANG_WARN_CONSTANT_CONVERSION = YES;
				CLANG_WARN_DEPRECATED_OBJC_IMPLEMENTATIONS = YES;
				CLANG_WARN_DIRECT_OBJC_ISA_USAGE = YES_ERROR;
				CLANG_WARN_DOCUMENTATION_COMMENTS = YES;
				CLANG_WARN_EMPTY_BODY = YES;
				CLANG_WARN_ENUM_CONVERSION = YES;
				CLANG_WARN_INFINITE_RECURSION = YES;
				CLANG_WARN_INT_CONVERSION = YES;
				CLANG_WARN_NON_LITERAL_NULL_CONVERSION = YES;
				CLANG_WARN_OBJC_IMPLICIT_RETAIN_SELF = YES;
				CLANG_WARN_OBJC_LITERAL_CONVERSION = YES;
				CLANG_WARN_OBJC_ROOT_CLASS = YES_ERROR;
				CLANG_WARN_QUOTED_INCLUDE_IN_FRAMEWORK_HEADER = YES;
				CLANG_WARN_RANGE_LOOP_ANALYSIS = YES;
				CLANG_WARN_STRICT_PROTOTYPES = YES;
				CLANG_WARN_SUSPICIOUS_MOVE = YES;
				CLANG_WARN_UNGUARDED_AVAILABILITY = YES_AGGRESSIVE;
				CLANG_WARN_UNREACHABLE_CODE = YES;
				CLANG_WARN__DUPLICATE_METHOD_MATCH = YES;
				COPY_PHASE_STRIP = NO;
				DEBUG_INFORMATION_FORMAT = "dwarf-with-dsym";
				ENABLE_NS_ASSERTIONS = NO;
				ENABLE_STRICT_OBJC_MSGSEND = YES;
				ENABLE_USER_SCRIPT_SANDBOXING = YES;
				GCC_C_LANGUAGE_STANDARD = gnu17;
				GCC_NO_COMMON_BLOCKS = YES;
				GCC_WARN_64_TO_32_BIT_CONVERSION = YES;
				GCC_WARN_ABOUT_RETURN_TYPE = YES_ERROR;
				GCC_WARN_UNDECLARED_SELECTOR = YES;
				GCC_WARN_UNINITIALIZED_AUTOS = YES_AGGRESSIVE;
				GCC_WARN_UNUSED_FUNCTION = YES;
				GCC_WARN_UNUSED_VARIABLE = YES;
				IPHONEOS_DEPLOYMENT_TARGET = 17.0;
				LOCALIZATION_PREFERS_STRING_CATALOGS = YES;
				MTL_ENABLE_DEBUG_INFO = NO;
				MTL_FAST_MATH = YES;
				SDKROOT = iphoneos;
				SWIFT_COMPILATION_MODE = wholemodule;
				VALIDATE_PRODUCT = YES;
			};
			name = Release;
		};
		A10317662BDAAE79003FD6D4 /* Debug */ = {
			isa = XCBuildConfiguration;
			buildSettings = {
				ASSETCATALOG_COMPILER_APPICON_NAME = AppIcon;
				ASSETCATALOG_COMPILER_GLOBAL_ACCENT_COLOR_NAME = AccentColor;
				CODE_SIGN_STYLE = Automatic;
				CURRENT_PROJECT_VERSION = 1;
				DEVELOPMENT_ASSET_PATHS = "\"RickMortyAPI/Preview Content\"";
				DEVELOPMENT_TEAM = CMLWT6YSFA;
				ENABLE_PREVIEWS = YES;
				GENERATE_INFOPLIST_FILE = YES;
				INFOPLIST_KEY_UIApplicationSceneManifest_Generation = YES;
				INFOPLIST_KEY_UIApplicationSupportsIndirectInputEvents = YES;
				INFOPLIST_KEY_UILaunchScreen_Generation = YES;
				INFOPLIST_KEY_UISupportedInterfaceOrientations_iPad = "UIInterfaceOrientationPortrait UIInterfaceOrientationPortraitUpsideDown UIInterfaceOrientationLandscapeLeft UIInterfaceOrientationLandscapeRight";
				INFOPLIST_KEY_UISupportedInterfaceOrientations_iPhone = "UIInterfaceOrientationPortrait UIInterfaceOrientationLandscapeLeft UIInterfaceOrientationLandscapeRight";
				LD_RUNPATH_SEARCH_PATHS = (
					"$(inherited)",
					"@executable_path/Frameworks",
				);
				MARKETING_VERSION = 1.0;
				PRODUCT_BUNDLE_IDENTIFIER = fochoa.RickMortyAPI;
				PRODUCT_NAME = "$(TARGET_NAME)";
				SWIFT_EMIT_LOC_STRINGS = YES;
				SWIFT_VERSION = 5.0;
				TARGETED_DEVICE_FAMILY = "1,2";
			};
			name = Debug;
		};
		A10317672BDAAE79003FD6D4 /* Release */ = {
			isa = XCBuildConfiguration;
			buildSettings = {
				ASSETCATALOG_COMPILER_APPICON_NAME = AppIcon;
				ASSETCATALOG_COMPILER_GLOBAL_ACCENT_COLOR_NAME = AccentColor;
				CODE_SIGN_STYLE = Automatic;
				CURRENT_PROJECT_VERSION = 1;
				DEVELOPMENT_ASSET_PATHS = "\"RickMortyAPI/Preview Content\"";
				DEVELOPMENT_TEAM = CMLWT6YSFA;
				ENABLE_PREVIEWS = YES;
				GENERATE_INFOPLIST_FILE = YES;
				INFOPLIST_KEY_UIApplicationSceneManifest_Generation = YES;
				INFOPLIST_KEY_UIApplicationSupportsIndirectInputEvents = YES;
				INFOPLIST_KEY_UILaunchScreen_Generation = YES;
				INFOPLIST_KEY_UISupportedInterfaceOrientations_iPad = "UIInterfaceOrientationPortrait UIInterfaceOrientationPortraitUpsideDown UIInterfaceOrientationLandscapeLeft UIInterfaceOrientationLandscapeRight";
				INFOPLIST_KEY_UISupportedInterfaceOrientations_iPhone = "UIInterfaceOrientationPortrait UIInterfaceOrientationLandscapeLeft UIInterfaceOrientationLandscapeRight";
				LD_RUNPATH_SEARCH_PATHS = (
					"$(inherited)",
					"@executable_path/Frameworks",
				);
				MARKETING_VERSION = 1.0;
				PRODUCT_BUNDLE_IDENTIFIER = fochoa.RickMortyAPI;
				PRODUCT_NAME = "$(TARGET_NAME)";
				SWIFT_EMIT_LOC_STRINGS = YES;
				SWIFT_VERSION = 5.0;
				TARGETED_DEVICE_FAMILY = "1,2";
			};
			name = Release;
		};
/* End XCBuildConfiguration section */

/* Begin XCConfigurationList section */
		A10317522BDAAE76003FD6D4 /* Build configuration list for PBXProject "RickMortyAPI" */ = {
			isa = XCConfigurationList;
			buildConfigurations = (
				A10317632BDAAE79003FD6D4 /* Debug */,
				A10317642BDAAE79003FD6D4 /* Release */,
			);
			defaultConfigurationIsVisible = 0;
			defaultConfigurationName = Release;
		};
		A10317652BDAAE79003FD6D4 /* Build configuration list for PBXNativeTarget "RickMortyAPI" */ = {
			isa = XCConfigurationList;
			buildConfigurations = (
				A10317662BDAAE79003FD6D4 /* Debug */,
				A10317672BDAAE79003FD6D4 /* Release */,
			);
			defaultConfigurationIsVisible = 0;
			defaultConfigurationName = Release;
		};
/* End XCConfigurationList section */
	};
	rootObject = A103174F2BDAAE76003FD6D4 /* Project object */;
}
